PODS:
  - Bolts (1.8.4):
    - Bolts/AppLinks (= 1.8.4)
    - Bolts/Tasks (= 1.8.4)
  - Bolts/AppLinks (1.8.4):
    - Bolts/Tasks
  - Bolts/Tasks (1.8.4)
  - Crashlytics (3.8.6):
    - Fabric (~> 1.6.3)
  - Fabric (1.6.13)
  - FBSDKCoreKit (4.27.0):
    - Bolts (~> 1.7)
  - FBSDKLoginKit (4.27.0):
    - FBSDKCoreKit
  - FBSDKShareKit (4.27.0):
    - FBSDKCoreKit
  - KVNProgress (2.3.1)
  - SnapKit (4.0.0)
  - WopataLogin (4.1.0):
    - FBSDKCoreKit (~> 4.27)
    - FBSDKLoginKit (~> 4.27)
    - FBSDKShareKit (~> 4.27)
    - SnapKit (~> 4.0.0)

DEPENDENCIES:
  - Crashlytics
  - Fabric
  - KVNProgress
  - WopataLogin (from `.`)

SPEC REPOS:
  https://github.com/cocoapods/specs.git:
    - Bolts
    - Crashlytics
    - Fabric
    - FBSDKCoreKit
    - FBSDKLoginKit
    - FBSDKShareKit
    - KVNProgress
    - SnapKit

EXTERNAL SOURCES:
  WopataLogin:
    :path: "."

SPEC CHECKSUMS:
  Bolts: 8a7995239dbe724f9cba2248b766d48b7ebdd322
  Crashlytics: 95d05f4e4c19a771250c4bd9ce344d996de32bbf
  Fabric: 2fb5676bc811af011a04513451f463dac6803206
  FBSDKCoreKit: ebc6c5f5b3f0e72396041050e2266781a38ac587
  FBSDKLoginKit: 887be4b7452e1c5a3cc4485ce152529965a0c41e
  FBSDKShareKit: 4f83956d4ca2960730fe7588a168eb8d535c06dc
  KVNProgress: 8167b1f19e2758290c0b6143020ed9dcbb0477a1
  SnapKit: a42d492c16e80209130a3379f73596c3454b7694
  WopataLogin: e914baeaf310ddea2fca995d1d0ea55b8c80dbed

PODFILE CHECKSUM: 7b652ed4a708eaa863589336e3372353a2f167c6

COCOAPODS: 1.5.3
